
Microsoft Visual Studio Solution File, Format Version 12.00
# Visual Studio Version 16
VisualStudioVersion = 16.0.32002.261
MinimumVisualStudioVersion = 10.0.40219.1
Project("{FAE04EC0-301F-11D3-BF4B-00C04F79EFBC}") = "O1shows.Android", "O1shows\O1shows.Android\O1shows.Android.csproj", "{8F81627D-1C65-4E02-AFC1-D88569086EB1}"
EndProject
Project("{FAE04EC0-301F-11D3-BF4B-00C04F79EFBC}") = "O1shows.iOS", "O1shows\O1shows.iOS\O1shows.iOS.csproj", "{BAC7EE04-AA07-4453-BA87-490EF6C6F6A0}"
EndProject
Project("{9A19103F-16F7-4668-BE54-9A1E7A4F7556}") = "O1shows", "O1shows\O1shows\O1shows.csproj", "{A42CCD42-B7B4-42CE-AA29-07DBD281E48B}"
EndProject
Global
	GlobalSection(SolutionConfigurationPlatforms) = preSolution
		Debug|Any CPU = Debug|Any CPU
		Debug|iPhone = Debug|iPhone
		Debug|iPhoneSimulator = Debug|iPhoneSimulator
		Release|Any CPU = Release|Any CPU
		Release|iPhone = Release|iPhone
		Release|iPhoneSimulator = Release|iPhoneSimulator
	EndGlobalSection
	GlobalSection(ProjectConfigurationPlatforms) = postSolution
		{8F81627D-1C65-4E02-AFC1-D88569086EB1}.Debug|Any CPU.ActiveCfg = Debug|Any CPU
		{8F81627D-1C65-4E02-AFC1-D88569086EB1}.Debug|Any CPU.Build.0 = Debug|Any CPU
		{8F81627D-1C65-4E02-AFC1-D88569086EB1}.Debug|Any CPU.Deploy.0 = Debug|Any CPU
		{8F81627D-1C65-4E02-AFC1-D88569086EB1}.Debug|iPhone.ActiveCfg = Debug|Any CPU
		{8F81627D-1C65-4E02-AFC1-D88569086EB1}.Debug|iPhone.Build.0 = Debug|Any CPU
		{8F81627D-1C65-4E02-AFC1-D88569086EB1}.Debug|iPhone.Deploy.0 = Debug|Any CPU
		{8F81627D-1C65-4E02-AFC1-D88569086EB1}.Debug|iPhoneSimulator.ActiveCfg = Debug|Any CPU
		{8F81627D-1C65-4E02-AFC1-D88569086EB1}.Debug|iPhoneSimulator.Build.0 = Debug|Any CPU
		{8F81627D-1C65-4E02-AFC1-D88569086EB1}.Debug|iPhoneSimulator.Deploy.0 = Debug|Any CPU
		{8F81627D-1C65-4E02-AFC1-D88569086EB1}.Release|Any CPU.ActiveCfg = Release|Any CPU
		{8F81627D-1C65-4E02-AFC1-D88569086EB1}.Release|Any CPU.Build.0 = Release|Any CPU
		{8F81627D-1C65-4E02-AFC1-D88569086EB1}.Release|Any CPU.Deploy.0 = Release|Any CPU
		{8F81627D-1C65-4E02-AFC1-D88569086EB1}.Release|iPhone.ActiveCfg = Release|Any CPU
		{8F81627D-1C65-4E02-AFC1-D88569086EB1}.Release|iPhone.Build.0 = Release|Any CPU
		{8F81627D-1C65-4E02-AFC1-D88569086EB1}.Release|iPhone.Deploy.0 = Release|Any CPU
		{8F81627D-1C65-4E02-AFC1-D88569086EB1}.Release|iPhoneSimulator.ActiveCfg = Release|Any CPU
		{8F81627D-1C65-4E02-AFC1-D88569086EB1}.Release|iPhoneSimulator.Build.0 = Release|Any CPU
		{8F81627D-1C65-4E02-AFC1-D88569086EB1}.Release|iPhoneSimulator.Deploy.0 = Release|Any CPU
		{BAC7EE04-AA07-4453-BA87-490EF6C6F6A0}.Debug|Any CPU.ActiveCfg = Debug|iPhone
		{BAC7EE04-AA07-4453-BA87-490EF6C6F6A0}.Debug|Any CPU.Build.0 = Debug|iPhone
		{BAC7EE04-AA07-4453-BA87-490EF6C6F6A0}.Debug|Any CPU.Deploy.0 = Debug|iPhone
		{BAC7EE04-AA07-4453-BA87-490EF6C6F6A0}.Debug|iPhone.ActiveCfg = Debug|iPhone
		{BAC7EE04-AA07-4453-BA87-490EF6C6F6A0}.Debug|iPhone.Build.0 = Debug|iPhone
		{BAC7EE04-AA07-4453-BA87-490EF6C6F6A0}.Debug|iPhone.Deploy.0 = Debug|iPhone
		{BAC7EE04-AA07-4453-BA87-490EF6C6F6A0}.Debug|iPhoneSimulator.ActiveCfg = Debug|iPhoneSimulator
		{BAC7EE04-AA07-4453-BA87-490EF6C6F6A0}.Debug|iPhoneSimulator.Build.0 = Debug|iPhoneSimulator
		{BAC7EE04-AA07-4453-BA87-490EF6C6F6A0}.Debug|iPhoneSimulator.Deploy.0 = Debug|iPhoneSimulator
		{BAC7EE04-AA07-4453-BA87-490EF6C6F6A0}.Release|Any CPU.ActiveCfg = Release|iPhoneSimulator
		{BAC7EE04-AA07-4453-BA87-490EF6C6F6A0}.Release|Any CPU.Build.0 = Release|iPhoneSimulator
		{BAC7EE04-AA07-4453-BA87-490EF6C6F6A0}.Release|Any CPU.Deploy.0 = Release|iPhoneSimulator
		{BAC7EE04-AA07-4453-BA87-490EF6C6F6A0}.Release|iPhone.ActiveCfg = Release|iPhone
		{BAC7EE04-AA07-4453-BA87-490EF6C6F6A0}.Release|iPhone.Build.0 = Release|iPhone
		{BAC7EE04-AA07-4453-BA87-490EF6C6F6A0}.Release|iPhone.Deploy.0 = Release|iPhone
		{BAC7EE04-AA07-4453-BA87-490EF6C6F6A0}.Release|iPhoneSimulator.ActiveCfg = Release|iPhoneSimulator
		{BAC7EE04-AA07-4453-BA87-490EF6C6F6A0}.Release|iPhoneSimulator.Build.0 = Release|iPhoneSimulator
		{BAC7EE04-AA07-4453-BA87-490EF6C6F6A0}.Release|iPhoneSimulator.Deploy.0 = Release|iPhoneSimulator
		{A42CCD42-B7B4-42CE-AA29-07DBD281E48B}.Debug|Any CPU.ActiveCfg = Debug|Any CPU
		{A42CCD42-B7B4-42CE-AA29-07DBD281E48B}.Debug|Any CPU.Build.0 = Debug|Any CPU
		{A42CCD42-B7B4-42CE-AA29-07DBD281E48B}.Debug|Any CPU.Deploy.0 = Debug|Any CPU
		{A42CCD42-B7B4-42CE-AA29-07DBD281E48B}.Debug|iPhone.ActiveCfg = Debug|Any CPU
		{A42CCD42-B7B4-42CE-AA29-07DBD281E48B}.Debug|iPhone.Build.0 = Debug|Any CPU
		{A42CCD42-B7B4-42CE-AA29-07DBD281E48B}.Debug|iPhone.Deploy.0 = Debug|Any CPU
		{A42CCD42-B7B4-42CE-AA29-07DBD281E48B}.Debug|iPhoneSimulator.ActiveCfg = Debug|Any CPU
		{A42CCD42-B7B4-42CE-AA29-07DBD281E48B}.Debug|iPhoneSimulator.Build.0 = Debug|Any CPU
		{A42CCD42-B7B4-42CE-AA29-07DBD281E48B}.Debug|iPhoneSimulator.Deploy.0 = Debug|Any CPU
		{A42CCD42-B7B4-42CE-AA29-07DBD281E48B}.Release|Any CPU.ActiveCfg = Release|Any CPU
		{A42CCD42-B7B4-42CE-AA29-07DBD281E48B}.Release|Any CPU.Build.0 = Release|Any CPU
		{A42CCD42-B7B4-42CE-AA29-07DBD281E48B}.Release|Any CPU.Deploy.0 = Release|Any CPU
		{A42CCD42-B7B4-42CE-AA29-07DBD281E48B}.Release|iPhone.ActiveCfg = Release|Any CPU
		{A42CCD42-B7B4-42CE-AA29-07DBD281E48B}.Release|iPhone.Build.0 = Release|Any CPU
		{A42CCD42-B7B4-42CE-AA29-07DBD281E48B}.Release|iPhone.Deploy.0 = Release|Any CPU
		{A42CCD42-B7B4-42CE-AA29-07DBD281E48B}.Release|iPhoneSimulator.ActiveCfg = Release|Any CPU
		{A42CCD42-B7B4-42CE-AA29-07DBD281E48B}.Release|iPhoneSimulator.Build.0 = Release|Any CPU
		{A42CCD42-B7B4-42CE-AA29-07DBD281E48B}.Release|iPhoneSimulator.Deploy.0 = Release|Any CPU
	EndGlobalSection
	GlobalSection(SolutionProperties) = preSolution
		HideSolutionNode = FALSE
	EndGlobalSection
	GlobalSection(ExtensibilityGlobals) = postSolution
		SolutionGuid = {2DD57FA8-A865-41C3-9263-965345C63B0C}
	EndGlobalSection
EndGlobal
